
Microsoft Visual Studio Solution File, Format Version 12.00
# Visual Studio Version 17
VisualStudioVersion = 17.3.32929.385
MinimumVisualStudioVersion = 10.0.40219.1
Project("{FAE04EC0-301F-11D3-BF4B-00C04F79EFBC}") = "CRUDEmpresa", "CRUDEmpresa\CRUDEmpresa.csproj", "{E0A00E0E-A8B1-450A-B9D3-2BE0FBDCA726}"
EndProject
Project("{FAE04EC0-301F-11D3-BF4B-00C04F79EFBC}") = "AccesoDatos", "AccesoDatos\AccesoDatos.csproj", "{5E27936B-B7F2-4933-87E0-86781FD27353}"
EndProject
Project("{FAE04EC0-301F-11D3-BF4B-00C04F79EFBC}") = "Negocios", "Negocios\Negocios.csproj", "{3D512B8C-BC2B-4D3A-B5C9-5621FD90517E}"
EndProject
Global
	GlobalSection(SolutionConfigurationPlatforms) = preSolution
		Debug|Any CPU = Debug|Any CPU
		Release|Any CPU = Release|Any CPU
	EndGlobalSection
	GlobalSection(ProjectConfigurationPlatforms) = postSolution
		{E0A00E0E-A8B1-450A-B9D3-2BE0FBDCA726}.Debug|Any CPU.ActiveCfg = Debug|Any CPU
		{E0A00E0E-A8B1-450A-B9D3-2BE0FBDCA726}.Debug|Any CPU.Build.0 = Debug|Any CPU
		{E0A00E0E-A8B1-450A-B9D3-2BE0FBDCA726}.Release|Any CPU.ActiveCfg = Release|Any CPU
		{E0A00E0E-A8B1-450A-B9D3-2BE0FBDCA726}.Release|Any CPU.Build.0 = Release|Any CPU
		{5E27936B-B7F2-4933-87E0-86781FD27353}.Debug|Any CPU.ActiveCfg = Debug|Any CPU
		{5E27936B-B7F2-4933-87E0-86781FD27353}.Debug|Any CPU.Build.0 = Debug|Any CPU
		{5E27936B-B7F2-4933-87E0-86781FD27353}.Release|Any CPU.ActiveCfg = Release|Any CPU
		{5E27936B-B7F2-4933-87E0-86781FD27353}.Release|Any CPU.Build.0 = Release|Any CPU
		{3D512B8C-BC2B-4D3A-B5C9-5621FD90517E}.Debug|Any CPU.ActiveCfg = Debug|Any CPU
		{3D512B8C-BC2B-4D3A-B5C9-5621FD90517E}.Debug|Any CPU.Build.0 = Debug|Any CPU
		{3D512B8C-BC2B-4D3A-B5C9-5621FD90517E}.Release|Any CPU.ActiveCfg = Release|Any CPU
		{3D512B8C-BC2B-4D3A-B5C9-5621FD90517E}.Release|Any CPU.Build.0 = Release|Any CPU
	EndGlobalSection
	GlobalSection(SolutionProperties) = preSolution
		HideSolutionNode = FALSE
	EndGlobalSection
	GlobalSection(ExtensibilityGlobals) = postSolution
		SolutionGuid = {7F528DE2-E7E8-4905-BF87-98525733EB4B}
	EndGlobalSection
EndGlobal
